// !$*UTF8*$!
{
	archiveVersion = 1;
	classes = {
	};
	objectVersion = 50;
	objects = {

/* Begin PBXBuildFile section */
		DE2DF12426FC33B000186BA7 /* AppDelegate.swift in Sources */ = {isa = PBXBuildFile; fileRef = DE2DF12326FC33B000186BA7 /* AppDelegate.swift */; };
		DE2DF12626FC33B000186BA7 /* SceneDelegate.swift in Sources */ = {isa = PBXBuildFile; fileRef = DE2DF12526FC33B000186BA7 /* SceneDelegate.swift */; };
		DE2DF12826FC33B000186BA7 /* ViewController.swift in Sources */ = {isa = PBXBuildFile; fileRef = DE2DF12726FC33B000186BA7 /* ViewController.swift */; };
		DE2DF12B26FC33B000186BA7 /* Main.storyboard in Resources */ = {isa = PBXBuildFile; fileRef = DE2DF12926FC33B000186BA7 /* Main.storyboard */; };
		DE2DF12D26FC33B100186BA7 /* Assets.xcassets in Resources */ = {isa = PBXBuildFile; fileRef = DE2DF12C26FC33B100186BA7 /* Assets.xcassets */; };
		DE2DF13026FC33B100186BA7 /* LaunchScreen.storyboard in Resources */ = {isa = PBXBuildFile; fileRef = DE2DF12E26FC33B100186BA7 /* LaunchScreen.storyboard */; };
		DE2DF13B26FC33B100186BA7 /* flixsterTests.swift in Sources */ = {isa = PBXBuildFile; fileRef = DE2DF13A26FC33B100186BA7 /* flixsterTests.swift */; };
		DE2DF14626FC33B100186BA7 /* flixsterUITests.swift in Sources */ = {isa = PBXBuildFile; fileRef = DE2DF14526FC33B100186BA7 /* flixsterUITests.swift */; };
/* End PBXBuildFile section */

/* Begin PBXContainerItemProxy section */
		DE2DF13726FC33B100186BA7 /* PBXContainerItemProxy */ = {
			isa = PBXContainerItemProxy;
			containerPortal = DE2DF11826FC33B000186BA7 /* Project object */;
			proxyType = 1;
			remoteGlobalIDString = DE2DF11F26FC33B000186BA7;
			remoteInfo = flixster;
		};
		DE2DF14226FC33B100186BA7 /* PBXContainerItemProxy */ = {
			isa = PBXContainerItemProxy;
			containerPortal = DE2DF11826FC33B000186BA7 /* Project object */;
			proxyType = 1;
			remoteGlobalIDString = DE2DF11F26FC33B000186BA7;
			remoteInfo = flixster;
		};
/* End PBXContainerItemProxy section */

/* Begin PBXFileReference section */
		DE2DF12026FC33B000186BA7 /* flixster.app */ = {isa = PBXFileReference; explicitFileType = wrapper.application; includeInIndex = 0; path = flixster.app; sourceTree = BUILT_PRODUCTS_DIR; };
		DE2DF12326FC33B000186BA7 /* AppDelegate.swift */ = {isa = PBXFileReference; lastKnownFileType = sourcecode.swift; path = AppDelegate.swift; sourceTree = "<group>"; };
		DE2DF12526FC33B000186BA7 /* SceneDelegate.swift */ = {isa = PBXFileReference; lastKnownFileType = sourcecode.swift; path = SceneDelegate.swift; sourceTree = "<group>"; };
		DE2DF12726FC33B000186BA7 /* ViewController.swift */ = {isa = PBXFileReference; lastKnownFileType = sourcecode.swift; path = ViewController.swift; sourceTree = "<group>"; };
		DE2DF12A26FC33B000186BA7 /* Base */ = {isa = PBXFileReference; lastKnownFileType = file.storyboard; name = Base; path = Base.lproj/Main.storyboard; sourceTree = "<group>"; };
		DE2DF12C26FC33B100186BA7 /* Assets.xcassets */ = {isa = PBXFileReference; lastKnownFileType = folder.assetcatalog; path = Assets.xcassets; sourceTree = "<group>"; };
		DE2DF12F26FC33B100186BA7 /* Base */ = {isa = PBXFileReference; lastKnownFileType = file.storyboard; name = Base; path = Base.lproj/LaunchScreen.storyboard; sourceTree = "<group>"; };
		DE2DF13126FC33B100186BA7 /* Info.plist */ = {isa = PBXFileReference; lastKnownFileType = text.plist.xml; path = Info.plist; sourceTree = "<group>"; };
		DE2DF13626FC33B100186BA7 /* flixsterTests.xctest */ = {isa = PBXFileReference; explicitFileType = wrapper.cfbundle; includeInIndex = 0; path = flixsterTests.xctest; sourceTree = BUILT_PRODUCTS_DIR; };
		DE2DF13A26FC33B100186BA7 /* flixsterTests.swift */ = {isa = PBXFileReference; lastKnownFileType = sourcecode.swift; path = flixsterTests.swift; sourceTree = "<group>"; };
		DE2DF13C26FC33B100186BA7 /* Info.plist */ = {isa = PBXFileReference; lastKnownFileType = text.plist.xml; path = Info.plist; sourceTree = "<group>"; };
		DE2DF14126FC33B100186BA7 /* flixsterUITests.xctest */ = {isa = PBXFileReference; explicitFileType = wrapper.cfbundle; includeInIndex = 0; path = flixsterUITests.xctest; sourceTree = BUILT_PRODUCTS_DIR; };
		DE2DF14526FC33B100186BA7 /* flixsterUITests.swift */ = {isa = PBXFileReference; lastKnownFileType = sourcecode.swift; path = flixsterUITests.swift; sourceTree = "<group>"; };
		DE2DF14726FC33B100186BA7 /* Info.plist */ = {isa = PBXFileReference; lastKnownFileType = text.plist.xml; path = Info.plist; sourceTree = "<group>"; };
/* End PBXFileReference section */

/* Begin PBXFrameworksBuildPhase section */
		DE2DF11D26FC33B000186BA7 /* Frameworks */ = {
			isa = PBXFrameworksBuildPhase;
			buildActionMask = 2147483647;
			files = (
			);
			runOnlyForDeploymentPostprocessing = 0;
		};
		DE2DF13326FC33B100186BA7 /* Frameworks */ = {
			isa = PBXFrameworksBuildPhase;
			buildActionMask = 2147483647;
			files = (
			);
			runOnlyForDeploymentPostprocessing = 0;
		};
		DE2DF13E26FC33B100186BA7 /* Frameworks */ = {
			isa = PBXFrameworksBuildPhase;
			buildActionMask = 2147483647;
			files = (
			);
			runOnlyForDeploymentPostprocessing = 0;
		};
/* End PBXFrameworksBuildPhase section */

/* Begin PBXGroup section */
		DE2DF11726FC33B000186BA7 = {
			isa = PBXGroup;
			children = (
				DE2DF12226FC33B000186BA7 /* flixster */,
				DE2DF13926FC33B100186BA7 /* flixsterTests */,
				DE2DF14426FC33B100186BA7 /* flixsterUITests */,
				DE2DF12126FC33B000186BA7 /* Products */,
			);
			sourceTree = "<group>";
		};
		DE2DF12126FC33B000186BA7 /* Products */ = {
			isa = PBXGroup;
			children = (
				DE2DF12026FC33B000186BA7 /* flixster.app */,
				DE2DF13626FC33B100186BA7 /* flixsterTests.xctest */,
				DE2DF14126FC33B100186BA7 /* flixsterUITests.xctest */,
			);
			name = Products;
			sourceTree = "<group>";
		};
		DE2DF12226FC33B000186BA7 /* flixster */ = {
			isa = PBXGroup;
			children = (
				DE2DF12326FC33B000186BA7 /* AppDelegate.swift */,
				DE2DF12526FC33B000186BA7 /* SceneDelegate.swift */,
				DE2DF12726FC33B000186BA7 /* ViewController.swift */,
				DE2DF12926FC33B000186BA7 /* Main.storyboard */,
				DE2DF12C26FC33B100186BA7 /* Assets.xcassets */,
				DE2DF12E26FC33B100186BA7 /* LaunchScreen.storyboard */,
				DE2DF13126FC33B100186BA7 /* Info.plist */,
			);
			path = flixster;
			sourceTree = "<group>";
		};
		DE2DF13926FC33B100186BA7 /* flixsterTests */ = {
			isa = PBXGroup;
			children = (
				DE2DF13A26FC33B100186BA7 /* flixsterTests.swift */,
				DE2DF13C26FC33B100186BA7 /* Info.plist */,
			);
			path = flixsterTests;
			sourceTree = "<group>";
		};
		DE2DF14426FC33B100186BA7 /* flixsterUITests */ = {
			isa = PBXGroup;
			children = (
				DE2DF14526FC33B100186BA7 /* flixsterUITests.swift */,
				DE2DF14726FC33B100186BA7 /* Info.plist */,
			);
			path = flixsterUITests;
			sourceTree = "<group>";
		};
/* End PBXGroup section */

/* Begin PBXNativeTarget section */
		DE2DF11F26FC33B000186BA7 /* flixster */ = {
			isa = PBXNativeTarget;
			buildConfigurationList = DE2DF14A26FC33B100186BA7 /* Build configuration list for PBXNativeTarget "flixster" */;
			buildPhases = (
				DE2DF11C26FC33B000186BA7 /* Sources */,
				DE2DF11D26FC33B000186BA7 /* Frameworks */,
				DE2DF11E26FC33B000186BA7 /* Resources */,
			);
			buildRules = (
			);
			dependencies = (
			);
			name = flixster;
			productName = flixster;
			productReference = DE2DF12026FC33B000186BA7 /* flixster.app */;
			productType = "com.apple.product-type.application";
		};
		DE2DF13526FC33B100186BA7 /* flixsterTests */ = {
			isa = PBXNativeTarget;
			buildConfigurationList = DE2DF14D26FC33B100186BA7 /* Build configuration list for PBXNativeTarget "flixsterTests" */;
			buildPhases = (
				DE2DF13226FC33B100186BA7 /* Sources */,
				DE2DF13326FC33B100186BA7 /* Frameworks */,
				DE2DF13426FC33B100186BA7 /* Resources */,
			);
			buildRules = (
			);
			dependencies = (
				DE2DF13826FC33B100186BA7 /* PBXTargetDependency */,
			);
			name = flixsterTests;
			productName = flixsterTests;
			productReference = DE2DF13626FC33B100186BA7 /* flixsterTests.xctest */;
			productType = "com.apple.product-type.bundle.unit-test";
		};
		DE2DF14026FC33B100186BA7 /* flixsterUITests */ = {
			isa = PBXNativeTarget;
			buildConfigurationList = DE2DF15026FC33B100186BA7 /* Build configuration list for PBXNativeTarget "flixsterUITests" */;
			buildPhases = (
				DE2DF13D26FC33B100186BA7 /* Sources */,
				DE2DF13E26FC33B100186BA7 /* Frameworks */,
				DE2DF13F26FC33B100186BA7 /* Resources */,
			);
			buildRules = (
			);
			dependencies = (
				DE2DF14326FC33B100186BA7 /* PBXTargetDependency */,
			);
			name = flixsterUITests;
			productName = flixsterUITests;
			productReference = DE2DF14126FC33B100186BA7 /* flixsterUITests.xctest */;
			productType = "com.apple.product-type.bundle.ui-testing";
		};
/* End PBXNativeTarget section */

/* Begin PBXProject section */
		DE2DF11826FC33B000186BA7 /* Project object */ = {
			isa = PBXProject;
			attributes = {
				LastSwiftUpdateCheck = 1240;
				LastUpgradeCheck = 1240;
				TargetAttributes = {
					DE2DF11F26FC33B000186BA7 = {
						CreatedOnToolsVersion = 12.4;
					};
					DE2DF13526FC33B100186BA7 = {
						CreatedOnToolsVersion = 12.4;
						TestTargetID = DE2DF11F26FC33B000186BA7;
					};
					DE2DF14026FC33B100186BA7 = {
						CreatedOnToolsVersion = 12.4;
						TestTargetID = DE2DF11F26FC33B000186BA7;
					};
				};
			};
			buildConfigurationList = DE2DF11B26FC33B000186BA7 /* Build configuration list for PBXProject "flixster" */;
			compatibilityVersion = "Xcode 9.3";
			developmentRegion = en;
			hasScannedForEncodings = 0;
			knownRegions = (
				en,
				Base,
			);
			mainGroup = DE2DF11726FC33B000186BA7;
			productRefGroup = DE2DF12126FC33B000186BA7 /* Products */;
			projectDirPath = "";
			projectRoot = "";
			targets = (
				DE2DF11F26FC33B000186BA7 /* flixster */,
				DE2DF13526FC33B100186BA7 /* flixsterTests */,
				DE2DF14026FC33B100186BA7 /* flixsterUITests */,
			);
		};
/* End PBXProject section */

/* Begin PBXResourcesBuildPhase section */
		DE2DF11E26FC33B000186BA7 /* Resources */ = {
			isa = PBXResourcesBuildPhase;
			buildActionMask = 2147483647;
			files = (
				DE2DF13026FC33B100186BA7 /* LaunchScreen.storyboard in Resources */,
				DE2DF12D26FC33B100186BA7 /* Assets.xcassets in Resources */,
				DE2DF12B26FC33B000186BA7 /* Main.storyboard in Resources */,
			);
			runOnlyForDeploymentPostprocessing = 0;
		};
		DE2DF13426FC33B100186BA7 /* Resources */ = {
			isa = PBXResourcesBuildPhase;
			buildActionMask = 2147483647;
			files = (
			);
			runOnlyForDeploymentPostprocessing = 0;
		};
		DE2DF13F26FC33B100186BA7 /* Resources */ = {
			isa = PBXResourcesBuildPhase;
			buildActionMask = 2147483647;
			files = (
			);
			runOnlyForDeploymentPostprocessing = 0;
		};
/* End PBXResourcesBuildPhase section */

/* Begin PBXSourcesBuildPhase section */
		DE2DF11C26FC33B000186BA7 /* Sources */ = {
			isa = PBXSourcesBuildPhase;
			buildActionMask = 2147483647;
			files = (
				DE2DF12826FC33B000186BA7 /* ViewController.swift in Sources */,
				DE2DF12426FC33B000186BA7 /* AppDelegate.swift in Sources */,
				DE2DF12626FC33B000186BA7 /* SceneDelegate.swift in Sources */,
			);
			runOnlyForDeploymentPostprocessing = 0;
		};
		DE2DF13226FC33B100186BA7 /* Sources */ = {
			isa = PBXSourcesBuildPhase;
			buildActionMask = 2147483647;
			files = (
				DE2DF13B26FC33B100186BA7 /* flixsterTests.swift in Sources */,
			);
			runOnlyForDeploymentPostprocessing = 0;
		};
		DE2DF13D26FC33B100186BA7 /* Sources */ = {
			isa = PBXSourcesBuildPhase;
			buildActionMask = 2147483647;
			files = (
				DE2DF14626FC33B100186BA7 /* flixsterUITests.swift in Sources */,
			);
			runOnlyForDeploymentPostprocessing = 0;
		};
/* End PBXSourcesBuildPhase section */

/* Begin PBXTargetDependency section */
		DE2DF13826FC33B100186BA7 /* PBXTargetDependency */ = {
			isa = PBXTargetDependency;
			target = DE2DF11F26FC33B000186BA7 /* flixster */;
			targetProxy = DE2DF13726FC33B100186BA7 /* PBXContainerItemProxy */;
		};
		DE2DF14326FC33B100186BA7 /* PBXTargetDependency */ = {
			isa = PBXTargetDependency;
			target = DE2DF11F26FC33B000186BA7 /* flixster */;
			targetProxy = DE2DF14226FC33B100186BA7 /* PBXContainerItemProxy */;
		};
/* End PBXTargetDependency section */

/* Begin PBXVariantGroup section */
		DE2DF12926FC33B000186BA7 /* Main.storyboard */ = {
			isa = PBXVariantGroup;
			children = (
				DE2DF12A26FC33B000186BA7 /* Base */,
			);
			name = Main.storyboard;
			sourceTree = "<group>";
		};
		DE2DF12E26FC33B100186BA7 /* LaunchScreen.storyboard */ = {
			isa = PBXVariantGroup;
			children = (
				DE2DF12F26FC33B100186BA7 /* Base */,
			);
			name = LaunchScreen.storyboard;
			sourceTree = "<group>";
		};
/* End PBXVariantGroup section */

/* Begin XCBuildConfiguration section */
		DE2DF14826FC33B100186BA7 /* Debug */ = {
			isa = XCBuildConfiguration;
			buildSettings = {
				ALWAYS_SEARCH_USER_PATHS = NO;
				CLANG_ANALYZER_NONNULL = YES;
				CLANG_ANALYZER_NUMBER_OBJECT_CONVERSION = YES_AGGRESSIVE;
				CLANG_CXX_LANGUAGE_STANDARD = "gnu++14";
				CLANG_CXX_LIBRARY = "libc++";
				CLANG_ENABLE_MODULES = YES;
				CLANG_ENABLE_OBJC_ARC = YES;
				CLANG_ENABLE_OBJC_WEAK = YES;
				CLANG_WARN_BLOCK_CAPTURE_AUTORELEASING = YES;
				CLANG_WARN_BOOL_CONVERSION = YES;
				CLANG_WARN_COMMA = YES;
				CLANG_WARN_CONSTANT_CONVERSION = YES;
				CLANG_WARN_DEPRECATED_OBJC_IMPLEMENTATIONS = YES;
				CLANG_WARN_DIRECT_OBJC_ISA_USAGE = YES_ERROR;
				CLANG_WARN_DOCUMENTATION_COMMENTS = YES;
				CLANG_WARN_EMPTY_BODY = YES;
				CLANG_WARN_ENUM_CONVERSION = YES;
				CLANG_WARN_INFINITE_RECURSION = YES;
				CLANG_WARN_INT_CONVERSION = YES;
				CLANG_WARN_NON_LITERAL_NULL_CONVERSION = YES;
				CLANG_WARN_OBJC_IMPLICIT_RETAIN_SELF = YES;
				CLANG_WARN_OBJC_LITERAL_CONVERSION = YES;
				CLANG_WARN_OBJC_ROOT_CLASS = YES_ERROR;
				CLANG_WARN_QUOTED_INCLUDE_IN_FRAMEWORK_HEADER = YES;
				CLANG_WARN_RANGE_LOOP_ANALYSIS = YES;
				CLANG_WARN_STRICT_PROTOTYPES = YES;
				CLANG_WARN_SUSPICIOUS_MOVE = YES;
				CLANG_WARN_UNGUARDED_AVAILABILITY = YES_AGGRESSIVE;
				CLANG_WARN_UNREACHABLE_CODE = YES;
				CLANG_WARN__DUPLICATE_METHOD_MATCH = YES;
				COPY_PHASE_STRIP = NO;
				DEBUG_INFORMATION_FORMAT = dwarf;
				ENABLE_STRICT_OBJC_MSGSEND = YES;
				ENABLE_TESTABILITY = YES;
				GCC_C_LANGUAGE_STANDARD = gnu11;
				GCC_DYNAMIC_NO_PIC = NO;
				GCC_NO_COMMON_BLOCKS = YES;
				GCC_OPTIMIZATION_LEVEL = 0;
				GCC_PREPROCESSOR_DEFINITIONS = (
					"DEBUG=1",
					"$(inherited)",
				);
				GCC_WARN_64_TO_32_BIT_CONVERSION = YES;
				GCC_WARN_ABOUT_RETURN_TYPE = YES_ERROR;
				GCC_WARN_UNDECLARED_SELECTOR = YES;
				GCC_WARN_UNINITIALIZED_AUTOS = YES_AGGRESSIVE;
				GCC_WARN_UNUSED_FUNCTION = YES;
				GCC_WARN_UNUSED_VARIABLE = YES;
				IPHONEOS_DEPLOYMENT_TARGET = 14.4;
				MTL_ENABLE_DEBUG_INFO = INCLUDE_SOURCE;
				MTL_FAST_MATH = YES;
				ONLY_ACTIVE_ARCH = YES;
				SDKROOT = iphoneos;
				SWIFT_ACTIVE_COMPILATION_CONDITIONS = DEBUG;
				SWIFT_OPTIMIZATION_LEVEL = "-Onone";
			};
			name = Debug;
		};
		DE2DF14926FC33B100186BA7 /* Release */ = {
			isa = XCBuildConfiguration;
			buildSettings = {
				ALWAYS_SEARCH_USER_PATHS = NO;
				CLANG_ANALYZER_NONNULL = YES;
				CLANG_ANALYZER_NUMBER_OBJECT_CONVERSION = YES_AGGRESSIVE;
				CLANG_CXX_LANGUAGE_STANDARD = "gnu++14";
				CLANG_CXX_LIBRARY = "libc++";
				CLANG_ENABLE_MODULES = YES;
				CLANG_ENABLE_OBJC_ARC = YES;
				CLANG_ENABLE_OBJC_WEAK = YES;
				CLANG_WARN_BLOCK_CAPTURE_AUTORELEASING = YES;
				CLANG_WARN_BOOL_CONVERSION = YES;
				CLANG_WARN_COMMA = YES;
				CLANG_WARN_CONSTANT_CONVERSION = YES;
				CLANG_WARN_DEPRECATED_OBJC_IMPLEMENTATIONS = YES;
				CLANG_WARN_DIRECT_OBJC_ISA_USAGE = YES_ERROR;
				CLANG_WARN_DOCUMENTATION_COMMENTS = YES;
				CLANG_WARN_EMPTY_BODY = YES;
				CLANG_WARN_ENUM_CONVERSION = YES;
				CLANG_WARN_INFINITE_RECURSION = YES;
				CLANG_WARN_INT_CONVERSION = YES;
				CLANG_WARN_NON_LITERAL_NULL_CONVERSION = YES;
				CLANG_WARN_OBJC_IMPLICIT_RETAIN_SELF = YES;
				CLANG_WARN_OBJC_LITERAL_CONVERSION = YES;
				CLANG_WARN_OBJC_ROOT_CLASS = YES_ERROR;
				CLANG_WARN_QUOTED_INCLUDE_IN_FRAMEWORK_HEADER = YES;
				CLANG_WARN_RANGE_LOOP_ANALYSIS = YES;
				CLANG_WARN_STRICT_PROTOTYPES = YES;
				CLANG_WARN_SUSPICIOUS_MOVE = YES;
				CLANG_WARN_UNGUARDED_AVAILABILITY = YES_AGGRESSIVE;
				CLANG_WARN_UNREACHABLE_CODE = YES;
				CLANG_WARN__DUPLICATE_METHOD_MATCH = YES;
				COPY_PHASE_STRIP = NO;
				DEBUG_INFORMATION_FORMAT = "dwarf-with-dsym";
				ENABLE_NS_ASSERTIONS = NO;
				ENABLE_STRICT_OBJC_MSGSEND = YES;
				GCC_C_LANGUAGE_STANDARD = gnu11;
				GCC_NO_COMMON_BLOCKS = YES;
				GCC_WARN_64_TO_32_BIT_CONVERSION = YES;
				GCC_WARN_ABOUT_RETURN_TYPE = YES_ERROR;
				GCC_WARN_UNDECLARED_SELECTOR = YES;
				GCC_WARN_UNINITIALIZED_AUTOS = YES_AGGRESSIVE;
				GCC_WARN_UNUSED_FUNCTION = YES;
				GCC_WARN_UNUSED_VARIABLE = YES;
				IPHONEOS_DEPLOYMENT_TARGET = 14.4;
				MTL_ENABLE_DEBUG_INFO = NO;
				MTL_FAST_MATH = YES;
				SDKROOT = iphoneos;
				SWIFT_COMPILATION_MODE = wholemodule;
				SWIFT_OPTIMIZATION_LEVEL = "-O";
				VALIDATE_PRODUCT = YES;
			};
			name = Release;
		};
		DE2DF14B26FC33B100186BA7 /* Debug */ = {
			isa = XCBuildConfiguration;
			buildSettings = {
				ASSETCATALOG_COMPILER_APPICON_NAME = AppIcon;
				ASSETCATALOG_COMPILER_GLOBAL_ACCENT_COLOR_NAME = AccentColor;
				CODE_SIGN_STYLE = Automatic;
				DEVELOPMENT_TEAM = N782H3V2QS;
				INFOPLIST_FILE = flixster/Info.plist;
				LD_RUNPATH_SEARCH_PATHS = (
					"$(inherited)",
					"@executable_path/Frameworks",
				);
				PRODUCT_BUNDLE_IDENTIFIER = com.jiaqi970602.flixster;
				PRODUCT_NAME = "$(TARGET_NAME)";
				SWIFT_VERSION = 5.0;
				TARGETED_DEVICE_FAMILY = "1,2";
			};
			name = Debug;
		};
		DE2DF14C26FC33B100186BA7 /* Release */ = {
			isa = XCBuildConfiguration;
			buildSettings = {
				ASSETCATALOG_COMPILER_APPICON_NAME = AppIcon;
				ASSETCATALOG_COMPILER_GLOBAL_ACCENT_COLOR_NAME = AccentColor;
				CODE_SIGN_STYLE = Automatic;
				DEVELOPMENT_TEAM = N782H3V2QS;
				INFOPLIST_FILE = flixster/Info.plist;
				LD_RUNPATH_SEARCH_PATHS = (
					"$(inherited)",
					"@executable_path/Frameworks",
				);
				PRODUCT_BUNDLE_IDENTIFIER = com.jiaqi970602.flixster;
				PRODUCT_NAME = "$(TARGET_NAME)";
				SWIFT_VERSION = 5.0;
				TARGETED_DEVICE_FAMILY = "1,2";
			};
			name = Release;
		};
		DE2DF14E26FC33B100186BA7 /* Debug */ = {
			isa = XCBuildConfiguration;
			buildSettings = {
				ALWAYS_EMBED_SWIFT_STANDARD_LIBRARIES = YES;
				BUNDLE_LOADER = "$(TEST_HOST)";
				CODE_SIGN_STYLE = Automatic;
				DEVELOPMENT_TEAM = N782H3V2QS;
				INFOPLIST_FILE = flixsterTests/Info.plist;
				IPHONEOS_DEPLOYMENT_TARGET = 14.4;
				LD_RUNPATH_SEARCH_PATHS = (
					"$(inherited)",
					"@executable_path/Frameworks",
					"@loader_path/Frameworks",
				);
				PRODUCT_BUNDLE_IDENTIFIER = com.jiaqi970602.flixsterTests;
				PRODUCT_NAME = "$(TARGET_NAME)";
				SWIFT_VERSION = 5.0;
				TARGETED_DEVICE_FAMILY = "1,2";
				TEST_HOST = "$(BUILT_PRODUCTS_DIR)/flixster.app/flixster";
			};
			name = Debug;
		};
		DE2DF14F26FC33B100186BA7 /* Release */ = {
			isa = XCBuildConfiguration;
			buildSettings = {
				ALWAYS_EMBED_SWIFT_STANDARD_LIBRARIES = YES;
				BUNDLE_LOADER = "$(TEST_HOST)";
				CODE_SIGN_STYLE = Automatic;
				DEVELOPMENT_TEAM = N782H3V2QS;
				INFOPLIST_FILE = flixsterTests/Info.plist;
				IPHONEOS_DEPLOYMENT_TARGET = 14.4;
				LD_RUNPATH_SEARCH_PATHS = (
					"$(inherited)",
					"@executable_path/Frameworks",
					"@loader_path/Frameworks",
				);
				PRODUCT_BUNDLE_IDENTIFIER = com.jiaqi970602.flixsterTests;
				PRODUCT_NAME = "$(TARGET_NAME)";
				SWIFT_VERSION = 5.0;
				TARGETED_DEVICE_FAMILY = "1,2";
				TEST_HOST = "$(BUILT_PRODUCTS_DIR)/flixster.app/flixster";
			};
			name = Release;
		};
		DE2DF15126FC33B100186BA7 /* Debug */ = {
			isa = XCBuildConfiguration;
			buildSettings = {
				ALWAYS_EMBED_SWIFT_STANDARD_LIBRARIES = YES;
				CODE_SIGN_STYLE = Automatic;
				DEVELOPMENT_TEAM = N782H3V2QS;
				INFOPLIST_FILE = flixsterUITests/Info.plist;
				LD_RUNPATH_SEARCH_PATHS = (
					"$(inherited)",
					"@executable_path/Frameworks",
					"@loader_path/Frameworks",
				);
				PRODUCT_BUNDLE_IDENTIFIER = com.jiaqi970602.flixsterUITests;
				PRODUCT_NAME = "$(TARGET_NAME)";
				SWIFT_VERSION = 5.0;
				TARGETED_DEVICE_FAMILY = "1,2";
				TEST_TARGET_NAME = flixster;
			};
			name = Debug;
		};
		DE2DF15226FC33B100186BA7 /* Release */ = {
			isa = XCBuildConfiguration;
			buildSettings = {
				ALWAYS_EMBED_SWIFT_STANDARD_LIBRARIES = YES;
				CODE_SIGN_STYLE = Automatic;
				DEVELOPMENT_TEAM = N782H3V2QS;
				INFOPLIST_FILE = flixsterUITests/Info.plist;
				LD_RUNPATH_SEARCH_PATHS = (
					"$(inherited)",
					"@executable_path/Frameworks",
					"@loader_path/Frameworks",
				);
				PRODUCT_BUNDLE_IDENTIFIER = com.jiaqi970602.flixsterUITests;
				PRODUCT_NAME = "$(TARGET_NAME)";
				SWIFT_VERSION = 5.0;
				TARGETED_DEVICE_FAMILY = "1,2";
				TEST_TARGET_NAME = flixster;
			};
			name = Release;
		};
/* End XCBuildConfiguration section */

/* Begin XCConfigurationList section */
		DE2DF11B26FC33B000186BA7 /* Build configuration list for PBXProject "flixster" */ = {
			isa = XCConfigurationList;
			buildConfigurations = (
				DE2DF14826FC33B100186BA7 /* Debug */,
				DE2DF14926FC33B100186BA7 /* Release */,
			);
			defaultConfigurationIsVisible = 0;
			defaultConfigurationName = Release;
		};
		DE2DF14A26FC33B100186BA7 /* Build configuration list for PBXNativeTarget "flixster" */ = {
			isa = XCConfigurationList;
			buildConfigurations = (
				DE2DF14B26FC33B100186BA7 /* Debug */,
				DE2DF14C26FC33B100186BA7 /* Release */,
			);
			defaultConfigurationIsVisible = 0;
			defaultConfigurationName = Release;
		};
		DE2DF14D26FC33B100186BA7 /* Build configuration list for PBXNativeTarget "flixsterTests" */ = {
			isa = XCConfigurationList;
			buildConfigurations = (
				DE2DF14E26FC33B100186BA7 /* Debug */,
				DE2DF14F26FC33B100186BA7 /* Release */,
			);
			defaultConfigurationIsVisible = 0;
			defaultConfigurationName = Release;
		};
		DE2DF15026FC33B100186BA7 /* Build configuration list for PBXNativeTarget "flixsterUITests" */ = {
			isa = XCConfigurationList;
			buildConfigurations = (
				DE2DF15126FC33B100186BA7 /* Debug */,
				DE2DF15226FC33B100186BA7 /* Release */,
			);
			defaultConfigurationIsVisible = 0;
			defaultConfigurationName = Release;
		};
/* End XCConfigurationList section */
	};
	rootObject = DE2DF11826FC33B000186BA7 /* Project object */;
}
